
Microsoft Visual Studio Solution File, Format Version 12.00
# Visual Studio Version 17
VisualStudioVersion = 17.14.36301.6
MinimumVisualStudioVersion = 10.0.40219.1
Project("{FAE04EC0-301F-11D3-BF4B-00C04F79EFBC}") = "HiPlatform.Api", "HiPlatform.Api\HiPlatform.Api.csproj", "{E99E365C-DAC5-41DB-916B-A68A9905C628}"
EndProject
Project("{FAE04EC0-301F-11D3-BF4B-00C04F79EFBC}") = "HiPlatformConsoleApp", "HiPlatformConsoleApp\HiPlatformConsoleApp.csproj", "{4605C527-F2DB-496C-99B0-4EADFC764887}"
EndProject
Global
	GlobalSection(SolutionConfigurationPlatforms) = preSolution
		Debug|Any CPU = Debug|Any CPU
		Release|Any CPU = Release|Any CPU
	EndGlobalSection
	GlobalSection(ProjectConfigurationPlatforms) = postSolution
		{E99E365C-DAC5-41DB-916B-A68A9905C628}.Debug|Any CPU.ActiveCfg = Debug|Any CPU
		{E99E365C-DAC5-41DB-916B-A68A9905C628}.Debug|Any CPU.Build.0 = Debug|Any CPU
		{E99E365C-DAC5-41DB-916B-A68A9905C628}.Release|Any CPU.ActiveCfg = Release|Any CPU
		{E99E365C-DAC5-41DB-916B-A68A9905C628}.Release|Any CPU.Build.0 = Release|Any CPU
		{4605C527-F2DB-496C-99B0-4EADFC764887}.Debug|Any CPU.ActiveCfg = Debug|Any CPU
		{4605C527-F2DB-496C-99B0-4EADFC764887}.Debug|Any CPU.Build.0 = Debug|Any CPU
		{4605C527-F2DB-496C-99B0-4EADFC764887}.Release|Any CPU.ActiveCfg = Release|Any CPU
		{4605C527-F2DB-496C-99B0-4EADFC764887}.Release|Any CPU.Build.0 = Release|Any CPU
	EndGlobalSection
	GlobalSection(SolutionProperties) = preSolution
		HideSolutionNode = FALSE
	EndGlobalSection
	GlobalSection(ExtensibilityGlobals) = postSolution
		SolutionGuid = {595B6394-2BCE-4CC9-9036-809FFE6F7A77}
	EndGlobalSection
EndGlobal
